
Microsoft Visual Studio Solution File, Format Version 12.00
# Visual Studio Version 16
VisualStudioVersion = 16.0.29215.179
MinimumVisualStudioVersion = 10.0.40219.1
Project("{9A19103F-16F7-4668-BE54-9A1E7A4F7556}") = "TestTriangleHOA.Web", "TestTriangle.Web\TestTriangleHOA.Web.csproj", "{7FDF3384-453D-4441-868C-B8CF16E98B79}"
EndProject
Global
	GlobalSection(SolutionConfigurationPlatforms) = preSolution
		Debug|Any CPU = Debug|Any CPU
		Release|Any CPU = Release|Any CPU
	EndGlobalSection
	GlobalSection(ProjectConfigurationPlatforms) = postSolution
		{7FDF3384-453D-4441-868C-B8CF16E98B79}.Debug|Any CPU.ActiveCfg = Debug|Any CPU
		{7FDF3384-453D-4441-868C-B8CF16E98B79}.Debug|Any CPU.Build.0 = Debug|Any CPU
		{7FDF3384-453D-4441-868C-B8CF16E98B79}.Release|Any CPU.ActiveCfg = Release|Any CPU
		{7FDF3384-453D-4441-868C-B8CF16E98B79}.Release|Any CPU.Build.0 = Release|Any CPU
	EndGlobalSection
	GlobalSection(SolutionProperties) = preSolution
		HideSolutionNode = FALSE
	EndGlobalSection
	GlobalSection(ExtensibilityGlobals) = postSolution
		SolutionGuid = {EE161894-9B09-4E50-8E32-07956D016682}
	EndGlobalSection
EndGlobal
